// !$*UTF8*$!
{
	archiveVersion = 1;
	classes = {
	};
	objectVersion = 50;
	objects = {

/* Begin PBXBuildFile section */
		FAF872C724FC47AC000F2D02 /* AppDelegate.swift in Sources */ = {isa = PBXBuildFile; fileRef = FAF872C624FC47AC000F2D02 /* AppDelegate.swift */; };
		FAF872C924FC47AC000F2D02 /* SceneDelegate.swift in Sources */ = {isa = PBXBuildFile; fileRef = FAF872C824FC47AC000F2D02 /* SceneDelegate.swift */; };
		FAF872CB24FC47AC000F2D02 /* ContentView.swift in Sources */ = {isa = PBXBuildFile; fileRef = FAF872CA24FC47AC000F2D02 /* ContentView.swift */; };
		FAF872CD24FC47AE000F2D02 /* Assets.xcassets in Resources */ = {isa = PBXBuildFile; fileRef = FAF872CC24FC47AE000F2D02 /* Assets.xcassets */; };
		FAF872D024FC47AE000F2D02 /* Preview Assets.xcassets in Resources */ = {isa = PBXBuildFile; fileRef = FAF872CF24FC47AE000F2D02 /* Preview Assets.xcassets */; };
		FAF872D324FC47AE000F2D02 /* LaunchScreen.storyboard in Resources */ = {isa = PBXBuildFile; fileRef = FAF872D124FC47AE000F2D02 /* LaunchScreen.storyboard */; };
		FAF872DB24FC47C7000F2D02 /* CardView.swift in Sources */ = {isa = PBXBuildFile; fileRef = FAF872DA24FC47C7000F2D02 /* CardView.swift */; };
		FAF872DD24FC47E9000F2D02 /* CardModel.swift in Sources */ = {isa = PBXBuildFile; fileRef = FAF872DC24FC47E9000F2D02 /* CardModel.swift */; };
		FAF872E324FC48E9000F2D02 /* CardBottomView.swift in Sources */ = {isa = PBXBuildFile; fileRef = FAF872E224FC48E9000F2D02 /* CardBottomView.swift */; };
		FAF872E524FC494A000F2D02 /* BlurView.swift in Sources */ = {isa = PBXBuildFile; fileRef = FAF872E424FC494A000F2D02 /* BlurView.swift */; };
		FAF872E724FC4998000F2D02 /* Modifiers.swift in Sources */ = {isa = PBXBuildFile; fileRef = FAF872E624FC4998000F2D02 /* Modifiers.swift */; };
/* End PBXBuildFile section */

/* Begin PBXFileReference section */
		FAF872C324FC47AC000F2D02 /* App Store Today Card.app */ = {isa = PBXFileReference; explicitFileType = wrapper.application; includeInIndex = 0; path = "App Store Today Card.app"; sourceTree = BUILT_PRODUCTS_DIR; };
		FAF872C624FC47AC000F2D02 /* AppDelegate.swift */ = {isa = PBXFileReference; lastKnownFileType = sourcecode.swift; path = AppDelegate.swift; sourceTree = "<group>"; };
		FAF872C824FC47AC000F2D02 /* SceneDelegate.swift */ = {isa = PBXFileReference; lastKnownFileType = sourcecode.swift; path = SceneDelegate.swift; sourceTree = "<group>"; };
		FAF872CA24FC47AC000F2D02 /* ContentView.swift */ = {isa = PBXFileReference; lastKnownFileType = sourcecode.swift; path = ContentView.swift; sourceTree = "<group>"; };
		FAF872CC24FC47AE000F2D02 /* Assets.xcassets */ = {isa = PBXFileReference; lastKnownFileType = folder.assetcatalog; path = Assets.xcassets; sourceTree = "<group>"; };
		FAF872CF24FC47AE000F2D02 /* Preview Assets.xcassets */ = {isa = PBXFileReference; lastKnownFileType = folder.assetcatalog; path = "Preview Assets.xcassets"; sourceTree = "<group>"; };
		FAF872D224FC47AE000F2D02 /* Base */ = {isa = PBXFileReference; lastKnownFileType = file.storyboard; name = Base; path = Base.lproj/LaunchScreen.storyboard; sourceTree = "<group>"; };
		FAF872D424FC47AE000F2D02 /* Info.plist */ = {isa = PBXFileReference; lastKnownFileType = text.plist.xml; path = Info.plist; sourceTree = "<group>"; };
		FAF872DA24FC47C7000F2D02 /* CardView.swift */ = {isa = PBXFileReference; lastKnownFileType = sourcecode.swift; path = CardView.swift; sourceTree = "<group>"; };
		FAF872DC24FC47E9000F2D02 /* CardModel.swift */ = {isa = PBXFileReference; lastKnownFileType = sourcecode.swift; path = CardModel.swift; sourceTree = "<group>"; };
		FAF872E224FC48E9000F2D02 /* CardBottomView.swift */ = {isa = PBXFileReference; lastKnownFileType = sourcecode.swift; path = CardBottomView.swift; sourceTree = "<group>"; };
		FAF872E424FC494A000F2D02 /* BlurView.swift */ = {isa = PBXFileReference; lastKnownFileType = sourcecode.swift; path = BlurView.swift; sourceTree = "<group>"; };
		FAF872E624FC4998000F2D02 /* Modifiers.swift */ = {isa = PBXFileReference; lastKnownFileType = sourcecode.swift; path = Modifiers.swift; sourceTree = "<group>"; };
/* End PBXFileReference section */

/* Begin PBXFrameworksBuildPhase section */
		FAF872C024FC47AC000F2D02 /* Frameworks */ = {
			isa = PBXFrameworksBuildPhase;
			buildActionMask = 2147483647;
			files = (
			);
			runOnlyForDeploymentPostprocessing = 0;
		};
/* End PBXFrameworksBuildPhase section */

/* Begin PBXGroup section */
		FA5611522501A599006892D4 /* Models */ = {
			isa = PBXGroup;
			children = (
				FAF872DC24FC47E9000F2D02 /* CardModel.swift */,
			);
			path = Models;
			sourceTree = "<group>";
		};
		FAF872BA24FC47AC000F2D02 = {
			isa = PBXGroup;
			children = (
				FAF872C524FC47AC000F2D02 /* App Store Today Card */,
				FAF872C424FC47AC000F2D02 /* Products */,
			);
			sourceTree = "<group>";
		};
		FAF872C424FC47AC000F2D02 /* Products */ = {
			isa = PBXGroup;
			children = (
				FAF872C324FC47AC000F2D02 /* App Store Today Card.app */,
			);
			name = Products;
			sourceTree = "<group>";
		};
		FAF872C524FC47AC000F2D02 /* App Store Today Card */ = {
			isa = PBXGroup;
			children = (
				FAF872CA24FC47AC000F2D02 /* ContentView.swift */,
				FA5611522501A599006892D4 /* Models */,
				FAF872E824FC49CB000F2D02 /* Card */,
				FAF872E924FC4A1E000F2D02 /* Helpers */,
				FAF872C624FC47AC000F2D02 /* AppDelegate.swift */,
				FAF872C824FC47AC000F2D02 /* SceneDelegate.swift */,
				FAF872CC24FC47AE000F2D02 /* Assets.xcassets */,
				FAF872D124FC47AE000F2D02 /* LaunchScreen.storyboard */,
				FAF872D424FC47AE000F2D02 /* Info.plist */,
				FAF872CE24FC47AE000F2D02 /* Preview Content */,
			);
			path = "App Store Today Card";
			sourceTree = "<group>";
		};
		FAF872CE24FC47AE000F2D02 /* Preview Content */ = {
			isa = PBXGroup;
			children = (
				FAF872CF24FC47AE000F2D02 /* Preview Assets.xcassets */,
			);
			path = "Preview Content";
			sourceTree = "<group>";
		};
		FAF872E824FC49CB000F2D02 /* Card */ = {
			isa = PBXGroup;
			children = (
				FAF872DA24FC47C7000F2D02 /* CardView.swift */,
				FAF872E224FC48E9000F2D02 /* CardBottomView.swift */,
			);
			path = Card;
			sourceTree = "<group>";
		};
		FAF872E924FC4A1E000F2D02 /* Helpers */ = {
			isa = PBXGroup;
			children = (
				FAF872E424FC494A000F2D02 /* BlurView.swift */,
				FAF872E624FC4998000F2D02 /* Modifiers.swift */,
			);
			path = Helpers;
			sourceTree = "<group>";
		};
/* End PBXGroup section */

/* Begin PBXNativeTarget section */
		FAF872C224FC47AC000F2D02 /* App Store Today Card */ = {
			isa = PBXNativeTarget;
			buildConfigurationList = FAF872D724FC47AE000F2D02 /* Build configuration list for PBXNativeTarget "App Store Today Card" */;
			buildPhases = (
				FAF872BF24FC47AC000F2D02 /* Sources */,
				FAF872C024FC47AC000F2D02 /* Frameworks */,
				FAF872C124FC47AC000F2D02 /* Resources */,
			);
			buildRules = (
			);
			dependencies = (
			);
			name = "App Store Today Card";
			productName = "App Store-Card";
			productReference = FAF872C324FC47AC000F2D02 /* App Store Today Card.app */;
			productType = "com.apple.product-type.application";
		};
/* End PBXNativeTarget section */

/* Begin PBXProject section */
		FAF872BB24FC47AC000F2D02 /* Project object */ = {
			isa = PBXProject;
			attributes = {
				LastSwiftUpdateCheck = 1160;
				LastUpgradeCheck = 1160;
				ORGANIZATIONNAME = manuelbulos;
				TargetAttributes = {
					FAF872C224FC47AC000F2D02 = {
						CreatedOnToolsVersion = 11.6;
					};
				};
			};
			buildConfigurationList = FAF872BE24FC47AC000F2D02 /* Build configuration list for PBXProject "App Store Today Card" */;
			compatibilityVersion = "Xcode 9.3";
			developmentRegion = en;
			hasScannedForEncodings = 0;
			knownRegions = (
				en,
				Base,
			);
			mainGroup = FAF872BA24FC47AC000F2D02;
			productRefGroup = FAF872C424FC47AC000F2D02 /* Products */;
			projectDirPath = "";
			projectRoot = "";
			targets = (
				FAF872C224FC47AC000F2D02 /* App Store Today Card */,
			);
		};
/* End PBXProject section */

/* Begin PBXResourcesBuildPhase section */
		FAF872C124FC47AC000F2D02 /* Resources */ = {
			isa = PBXResourcesBuildPhase;
			buildActionMask = 2147483647;
			files = (
				FAF872D324FC47AE000F2D02 /* LaunchScreen.storyboard in Resources */,
				FAF872D024FC47AE000F2D02 /* Preview Assets.xcassets in Resources */,
				FAF872CD24FC47AE000F2D02 /* Assets.xcassets in Resources */,
			);
			runOnlyForDeploymentPostprocessing = 0;
		};
/* End PBXResourcesBuildPhase section */

/* Begin PBXSourcesBuildPhase section */
		FAF872BF24FC47AC000F2D02 /* Sources */ = {
			isa = PBXSourcesBuildPhase;
			buildActionMask = 2147483647;
			files = (
				FAF872C724FC47AC000F2D02 /* AppDelegate.swift in Sources */,
				FAF872C924FC47AC000F2D02 /* SceneDelegate.swift in Sources */,
				FAF872DB24FC47C7000F2D02 /* CardView.swift in Sources */,
				FAF872E724FC4998000F2D02 /* Modifiers.swift in Sources */,
				FAF872E524FC494A000F2D02 /* BlurView.swift in Sources */,
				FAF872CB24FC47AC000F2D02 /* ContentView.swift in Sources */,
				FAF872E324FC48E9000F2D02 /* CardBottomView.swift in Sources */,
				FAF872DD24FC47E9000F2D02 /* CardModel.swift in Sources */,
			);
			runOnlyForDeploymentPostprocessing = 0;
		};
/* End PBXSourcesBuildPhase section */

/* Begin PBXVariantGroup section */
		FAF872D124FC47AE000F2D02 /* LaunchScreen.storyboard */ = {
			isa = PBXVariantGroup;
			children = (
				FAF872D224FC47AE000F2D02 /* Base */,
			);
			name = LaunchScreen.storyboard;
			sourceTree = "<group>";
		};
/* End PBXVariantGroup section */

/* Begin XCBuildConfiguration section */
		FAF872D524FC47AE000F2D02 /* Debug */ = {
			isa = XCBuildConfiguration;
			buildSettings = {
				ALWAYS_SEARCH_USER_PATHS = NO;
				CLANG_ANALYZER_NONNULL = YES;
				CLANG_ANALYZER_NUMBER_OBJECT_CONVERSION = YES_AGGRESSIVE;
				CLANG_CXX_LANGUAGE_STANDARD = "gnu++14";
				CLANG_CXX_LIBRARY = "libc++";
				CLANG_ENABLE_MODULES = YES;
				CLANG_ENABLE_OBJC_ARC = YES;
				CLANG_ENABLE_OBJC_WEAK = YES;
				CLANG_WARN_BLOCK_CAPTURE_AUTORELEASING = YES;
				CLANG_WARN_BOOL_CONVERSION = YES;
				CLANG_WARN_COMMA = YES;
				CLANG_WARN_CONSTANT_CONVERSION = YES;
				CLANG_WARN_DEPRECATED_OBJC_IMPLEMENTATIONS = YES;
				CLANG_WARN_DIRECT_OBJC_ISA_USAGE = YES_ERROR;
				CLANG_WARN_DOCUMENTATION_COMMENTS = YES;
				CLANG_WARN_EMPTY_BODY = YES;
				CLANG_WARN_ENUM_CONVERSION = YES;
				CLANG_WARN_INFINITE_RECURSION = YES;
				CLANG_WARN_INT_CONVERSION = YES;
				CLANG_WARN_NON_LITERAL_NULL_CONVERSION = YES;
				CLANG_WARN_OBJC_IMPLICIT_RETAIN_SELF = YES;
				CLANG_WARN_OBJC_LITERAL_CONVERSION = YES;
				CLANG_WARN_OBJC_ROOT_CLASS = YES_ERROR;
				CLANG_WARN_RANGE_LOOP_ANALYSIS = YES;
				CLANG_WARN_STRICT_PROTOTYPES = YES;
				CLANG_WARN_SUSPICIOUS_MOVE = YES;
				CLANG_WARN_UNGUARDED_AVAILABILITY = YES_AGGRESSIVE;
				CLANG_WARN_UNREACHABLE_CODE = YES;
				CLANG_WARN__DUPLICATE_METHOD_MATCH = YES;
				COPY_PHASE_STRIP = NO;
				DEBUG_INFORMATION_FORMAT = dwarf;
				ENABLE_STRICT_OBJC_MSGSEND = YES;
				ENABLE_TESTABILITY = YES;
				GCC_C_LANGUAGE_STANDARD = gnu11;
				GCC_DYNAMIC_NO_PIC = NO;
				GCC_NO_COMMON_BLOCKS = YES;
				GCC_OPTIMIZATION_LEVEL = 0;
				GCC_PREPROCESSOR_DEFINITIONS = (
					"DEBUG=1",
					"$(inherited)",
				);
				GCC_WARN_64_TO_32_BIT_CONVERSION = YES;
				GCC_WARN_ABOUT_RETURN_TYPE = YES_ERROR;
				GCC_WARN_UNDECLARED_SELECTOR = YES;
				GCC_WARN_UNINITIALIZED_AUTOS = YES_AGGRESSIVE;
				GCC_WARN_UNUSED_FUNCTION = YES;
				GCC_WARN_UNUSED_VARIABLE = YES;
				IPHONEOS_DEPLOYMENT_TARGET = 13.6;
				MTL_ENABLE_DEBUG_INFO = INCLUDE_SOURCE;
				MTL_FAST_MATH = YES;
				ONLY_ACTIVE_ARCH = YES;
				SDKROOT = iphoneos;
				SWIFT_ACTIVE_COMPILATION_CONDITIONS = DEBUG;
				SWIFT_OPTIMIZATION_LEVEL = "-Onone";
			};
			name = Debug;
		};
		FAF872D624FC47AE000F2D02 /* Release */ = {
			isa = XCBuildConfiguration;
			buildSettings = {
				ALWAYS_SEARCH_USER_PATHS = NO;
				CLANG_ANALYZER_NONNULL = YES;
				CLANG_ANALYZER_NUMBER_OBJECT_CONVERSION = YES_AGGRESSIVE;
				CLANG_CXX_LANGUAGE_STANDARD = "gnu++14";
				CLANG_CXX_LIBRARY = "libc++";
				CLANG_ENABLE_MODULES = YES;
				CLANG_ENABLE_OBJC_ARC = YES;
				CLANG_ENABLE_OBJC_WEAK = YES;
				CLANG_WARN_BLOCK_CAPTURE_AUTORELEASING = YES;
				CLANG_WARN_BOOL_CONVERSION = YES;
				CLANG_WARN_COMMA = YES;
				CLANG_WARN_CONSTANT_CONVERSION = YES;
				CLANG_WARN_DEPRECATED_OBJC_IMPLEMENTATIONS = YES;
				CLANG_WARN_DIRECT_OBJC_ISA_USAGE = YES_ERROR;
				CLANG_WARN_DOCUMENTATION_COMMENTS = YES;
				CLANG_WARN_EMPTY_BODY = YES;
				CLANG_WARN_ENUM_CONVERSION = YES;
				CLANG_WARN_INFINITE_RECURSION = YES;
				CLANG_WARN_INT_CONVERSION = YES;
				CLANG_WARN_NON_LITERAL_NULL_CONVERSION = YES;
				CLANG_WARN_OBJC_IMPLICIT_RETAIN_SELF = YES;
				CLANG_WARN_OBJC_LITERAL_CONVERSION = YES;
				CLANG_WARN_OBJC_ROOT_CLASS = YES_ERROR;
				CLANG_WARN_RANGE_LOOP_ANALYSIS = YES;
				CLANG_WARN_STRICT_PROTOTYPES = YES;
				CLANG_WARN_SUSPICIOUS_MOVE = YES;
				CLANG_WARN_UNGUARDED_AVAILABILITY = YES_AGGRESSIVE;
				CLANG_WARN_UNREACHABLE_CODE = YES;
				CLANG_WARN__DUPLICATE_METHOD_MATCH = YES;
				COPY_PHASE_STRIP = NO;
				DEBUG_INFORMATION_FORMAT = "dwarf-with-dsym";
				ENABLE_NS_ASSERTIONS = NO;
				ENABLE_STRICT_OBJC_MSGSEND = YES;
				GCC_C_LANGUAGE_STANDARD = gnu11;
				GCC_NO_COMMON_BLOCKS = YES;
				GCC_WARN_64_TO_32_BIT_CONVERSION = YES;
				GCC_WARN_ABOUT_RETURN_TYPE = YES_ERROR;
				GCC_WARN_UNDECLARED_SELECTOR = YES;
				GCC_WARN_UNINITIALIZED_AUTOS = YES_AGGRESSIVE;
				GCC_WARN_UNUSED_FUNCTION = YES;
				GCC_WARN_UNUSED_VARIABLE = YES;
				IPHONEOS_DEPLOYMENT_TARGET = 13.6;
				MTL_ENABLE_DEBUG_INFO = NO;
				MTL_FAST_MATH = YES;
				SDKROOT = iphoneos;
				SWIFT_COMPILATION_MODE = wholemodule;
				SWIFT_OPTIMIZATION_LEVEL = "-O";
				VALIDATE_PRODUCT = YES;
			};
			name = Release;
		};
		FAF872D824FC47AE000F2D02 /* Debug */ = {
			isa = XCBuildConfiguration;
			buildSettings = {
				ASSETCATALOG_COMPILER_APPICON_NAME = AppIcon;
				CODE_SIGN_STYLE = Automatic;
				DEVELOPMENT_ASSET_PATHS = "\"App Store Today Card/Preview Content\"";
				DEVELOPMENT_TEAM = "";
				ENABLE_PREVIEWS = YES;
				INFOPLIST_FILE = "$(SRCROOT)/App Store Today Card/Info.plist";
				LD_RUNPATH_SEARCH_PATHS = (
					"$(inherited)",
					"@executable_path/Frameworks",
				);
				PRODUCT_BUNDLE_IDENTIFIER = "com.swiftmentorship.App-Store-Today-Card";
				PRODUCT_NAME = "$(TARGET_NAME)";
				SWIFT_VERSION = 5.0;
				TARGETED_DEVICE_FAMILY = "1,2";
			};
			name = Debug;
		};
		FAF872D924FC47AE000F2D02 /* Release */ = {
			isa = XCBuildConfiguration;
			buildSettings = {
				ASSETCATALOG_COMPILER_APPICON_NAME = AppIcon;
				CODE_SIGN_STYLE = Automatic;
				DEVELOPMENT_ASSET_PATHS = "\"App Store Today Card/Preview Content\"";
				DEVELOPMENT_TEAM = "";
				ENABLE_PREVIEWS = YES;
				INFOPLIST_FILE = "$(SRCROOT)/App Store Today Card/Info.plist";
				LD_RUNPATH_SEARCH_PATHS = (
					"$(inherited)",
					"@executable_path/Frameworks",
				);
				PRODUCT_BUNDLE_IDENTIFIER = "com.swiftmentorship.App-Store-Today-Card";
				PRODUCT_NAME = "$(TARGET_NAME)";
				SWIFT_VERSION = 5.0;
				TARGETED_DEVICE_FAMILY = "1,2";
			};
			name = Release;
		};
/* End XCBuildConfiguration section */

/* Begin XCConfigurationList section */
		FAF872BE24FC47AC000F2D02 /* Build configuration list for PBXProject "App Store Today Card" */ = {
			isa = XCConfigurationList;
			buildConfigurations = (
				FAF872D524FC47AE000F2D02 /* Debug */,
				FAF872D624FC47AE000F2D02 /* Release */,
			);
			defaultConfigurationIsVisible = 0;
			defaultConfigurationName = Release;
		};
		FAF872D724FC47AE000F2D02 /* Build configuration list for PBXNativeTarget "App Store Today Card" */ = {
			isa = XCConfigurationList;
			buildConfigurations = (
				FAF872D824FC47AE000F2D02 /* Debug */,
				FAF872D924FC47AE000F2D02 /* Release */,
			);
			defaultConfigurationIsVisible = 0;
			defaultConfigurationName = Release;
		};
/* End XCConfigurationList section */
	};
	rootObject = FAF872BB24FC47AC000F2D02 /* Project object */;
}
